
Microsoft Visual Studio Solution File, Format Version 12.00
# Visual Studio Version 16
VisualStudioVersion = 16.0.31019.35
MinimumVisualStudioVersion = 10.0.40219.1
Project("{11A8DD76-328B-46DF-9F39-F559912D0360}") = "CoreLibrary", "nanoFramework.CoreLibrary\CoreLibrary.nfproj", "{BE7B95D5-087C-45F8-8197-4B438BEDFE11}"
EndProject
Project("{11A8DD76-328B-46DF-9F39-F559912D0360}") = "CoreLibrary.NoReflection", "nanoFramework.CoreLibrary.NoReflection\CoreLibrary.NoReflection.nfproj", "{D1DAD305-BC77-4BDC-BCDA-ADAEF1D93455}"
EndProject
Project("{2150E333-8FDC-42A3-9474-1A3956D46DE8}") = "Solution Items", "Solution Items", "{05E83B20-2648-4807-8F3E-D656497E3481}"
	ProjectSection(SolutionItems) = preProject
		nanoFramework.CoreLibrary.NoReflection.nuspec = nanoFramework.CoreLibrary.NoReflection.nuspec
		nanoFramework.CoreLibrary.nuspec = nanoFramework.CoreLibrary.nuspec
		NuGet.Config = NuGet.Config
		version.json = version.json
	EndProjectSection
EndProject
Project("{2150E333-8FDC-42A3-9474-1A3956D46DE8}") = "Tests", "Tests", "{0BAE286A-5434-4F56-A9F1-41B72056170E}"
EndProject
Project("{11A8DD76-328B-46DF-9F39-F559912D0360}") = "NFUnitTestBitConverter", "Tests\NFUnitTestCoreLibrary\NFUnitTestBitConverter.nfproj", "{8D47514F-552C-4862-961F-0CAA315A231F}"
EndProject
Project("{11A8DD76-328B-46DF-9F39-F559912D0360}") = "NFUnitTestVariables", "Tests\NFUnitTestVariables\NFUnitTestVariables.nfproj", "{6D93536D-2CFC-4BB8-B490-080EB11D40DD}"
EndProject
Global
	GlobalSection(SolutionConfigurationPlatforms) = preSolution
		Debug|Any CPU = Debug|Any CPU
		Release|Any CPU = Release|Any CPU
	EndGlobalSection
	GlobalSection(ProjectConfigurationPlatforms) = postSolution
		{BE7B95D5-087C-45F8-8197-4B438BEDFE11}.Debug|Any CPU.ActiveCfg = Debug|Any CPU
		{BE7B95D5-087C-45F8-8197-4B438BEDFE11}.Debug|Any CPU.Build.0 = Debug|Any CPU
		{BE7B95D5-087C-45F8-8197-4B438BEDFE11}.Release|Any CPU.ActiveCfg = Release|Any CPU
		{BE7B95D5-087C-45F8-8197-4B438BEDFE11}.Release|Any CPU.Build.0 = Release|Any CPU
		{D1DAD305-BC77-4BDC-BCDA-ADAEF1D93455}.Debug|Any CPU.ActiveCfg = Debug|Any CPU
		{D1DAD305-BC77-4BDC-BCDA-ADAEF1D93455}.Debug|Any CPU.Build.0 = Debug|Any CPU
		{D1DAD305-BC77-4BDC-BCDA-ADAEF1D93455}.Release|Any CPU.ActiveCfg = Release|Any CPU
		{D1DAD305-BC77-4BDC-BCDA-ADAEF1D93455}.Release|Any CPU.Build.0 = Release|Any CPU
		{8D47514F-552C-4862-961F-0CAA315A231F}.Debug|Any CPU.ActiveCfg = Debug|Any CPU
		{8D47514F-552C-4862-961F-0CAA315A231F}.Debug|Any CPU.Build.0 = Debug|Any CPU
		{8D47514F-552C-4862-961F-0CAA315A231F}.Debug|Any CPU.Deploy.0 = Debug|Any CPU
		{8D47514F-552C-4862-961F-0CAA315A231F}.Release|Any CPU.ActiveCfg = Release|Any CPU
		{8D47514F-552C-4862-961F-0CAA315A231F}.Release|Any CPU.Build.0 = Release|Any CPU
		{8D47514F-552C-4862-961F-0CAA315A231F}.Release|Any CPU.Deploy.0 = Release|Any CPU
		{6D93536D-2CFC-4BB8-B490-080EB11D40DD}.Debug|Any CPU.ActiveCfg = Debug|Any CPU
		{6D93536D-2CFC-4BB8-B490-080EB11D40DD}.Debug|Any CPU.Build.0 = Debug|Any CPU
		{6D93536D-2CFC-4BB8-B490-080EB11D40DD}.Debug|Any CPU.Deploy.0 = Debug|Any CPU
		{6D93536D-2CFC-4BB8-B490-080EB11D40DD}.Release|Any CPU.ActiveCfg = Release|Any CPU
		{6D93536D-2CFC-4BB8-B490-080EB11D40DD}.Release|Any CPU.Build.0 = Release|Any CPU
		{6D93536D-2CFC-4BB8-B490-080EB11D40DD}.Release|Any CPU.Deploy.0 = Release|Any CPU
	EndGlobalSection
	GlobalSection(SolutionProperties) = preSolution
		HideSolutionNode = FALSE
	EndGlobalSection
	GlobalSection(NestedProjects) = preSolution
		{8D47514F-552C-4862-961F-0CAA315A231F} = {0BAE286A-5434-4F56-A9F1-41B72056170E}
		{6D93536D-2CFC-4BB8-B490-080EB11D40DD} = {0BAE286A-5434-4F56-A9F1-41B72056170E}
	EndGlobalSection
	GlobalSection(ExtensibilityGlobals) = postSolution
		SolutionGuid = {8DE44407-9B41-4459-97D2-FCE54B1F4300}
	EndGlobalSection
EndGlobal
