
Microsoft Visual Studio Solution File, Format Version 12.00
# Visual Studio 15
VisualStudioVersion = 15.0.26430.14
MinimumVisualStudioVersion = 10.0.40219.1
Project("{11A8DD76-328B-46DF-9F39-F559912D0360}") = "Windows.Devices.Spi", "Windows.Devices.Spi.nfproj", "{A1042594-0DF3-427A-99E1-F77F862EC2F2}"
EndProject
Project("{5DD5E4FA-CB73-4610-85AB-557B54E96AA9}") = "Nuget.Windows.Devices.Spi", "Nuget.Windows.Devices.Spi\Nuget.Windows.Devices.Spi.nuproj", "{298761A4-D2D4-4C23-B280-89034582C925}"
	ProjectSection(ProjectDependencies) = postProject
		{A1042594-0DF3-427A-99E1-F77F862EC2F2} = {A1042594-0DF3-427A-99E1-F77F862EC2F2}
	EndProjectSection
EndProject
Project("{5DD5E4FA-CB73-4610-85AB-557B54E96AA9}") = "Nuget.Windows.Devices.Spi.DELIVERABLES", "Nuget.Windows.Devices.Spi.DELIVERABLES\Nuget.Windows.Devices.Spi.DELIVERABLES.nuproj", "{F117EC96-3B2D-4F2F-8683-BF72CA910624}"
	ProjectSection(ProjectDependencies) = postProject
		{A1042594-0DF3-427A-99E1-F77F862EC2F2} = {A1042594-0DF3-427A-99E1-F77F862EC2F2}
	EndProjectSection
EndProject
Project("{2150E333-8FDC-42A3-9474-1A3956D46DE8}") = ".nuget", ".nuget", "{E5DC0609-D746-4BBC-A4EB-01D2284D35F9}"
	ProjectSection(SolutionItems) = preProject
		packages.config = packages.config
	EndProjectSection
EndProject
Global
	GlobalSection(SolutionConfigurationPlatforms) = preSolution
		Debug|Any CPU = Debug|Any CPU
		Release|Any CPU = Release|Any CPU
	EndGlobalSection
	GlobalSection(ProjectConfigurationPlatforms) = postSolution
		{A1042594-0DF3-427A-99E1-F77F862EC2F2}.Debug|Any CPU.ActiveCfg = Debug|Any CPU
		{A1042594-0DF3-427A-99E1-F77F862EC2F2}.Debug|Any CPU.Build.0 = Debug|Any CPU
		{A1042594-0DF3-427A-99E1-F77F862EC2F2}.Release|Any CPU.ActiveCfg = Release|Any CPU
		{A1042594-0DF3-427A-99E1-F77F862EC2F2}.Release|Any CPU.Build.0 = Release|Any CPU
		{298761A4-D2D4-4C23-B280-89034582C925}.Debug|Any CPU.ActiveCfg = Debug|Any CPU
		{298761A4-D2D4-4C23-B280-89034582C925}.Debug|Any CPU.Build.0 = Debug|Any CPU
		{298761A4-D2D4-4C23-B280-89034582C925}.Release|Any CPU.ActiveCfg = Release|Any CPU
		{298761A4-D2D4-4C23-B280-89034582C925}.Release|Any CPU.Build.0 = Release|Any CPU
		{F117EC96-3B2D-4F2F-8683-BF72CA910624}.Debug|Any CPU.ActiveCfg = Debug|Any CPU
		{F117EC96-3B2D-4F2F-8683-BF72CA910624}.Debug|Any CPU.Build.0 = Debug|Any CPU
		{F117EC96-3B2D-4F2F-8683-BF72CA910624}.Release|Any CPU.ActiveCfg = Release|Any CPU
		{F117EC96-3B2D-4F2F-8683-BF72CA910624}.Release|Any CPU.Build.0 = Release|Any CPU
	EndGlobalSection
	GlobalSection(SolutionProperties) = preSolution
		HideSolutionNode = FALSE
	EndGlobalSection
EndGlobal
