
Microsoft Visual Studio Solution File, Format Version 12.00
# Visual Studio 15
VisualStudioVersion = 15.0.26430.14
MinimumVisualStudioVersion = 10.0.40219.1
Project("{11A8DD76-328B-46DF-9F39-F559912D0360}") = "nanoFramework.Runtime.Native", "nanoFramework.Runtime.Native.nfproj", "{4C4AA37C-19D9-4C41-ADD0-BA83A0E593DA}"
EndProject
Project("{5DD5E4FA-CB73-4610-85AB-557B54E96AA9}") = "Nuget.nanoFramework.Runtime.Native", "Nuget.nanoFramework.Runtime.Native\Nuget.nanoFramework.Runtime.Native.nuproj", "{C72CBABD-265A-4B4F-8029-F53B11F009E5}"
	ProjectSection(ProjectDependencies) = postProject
		{4C4AA37C-19D9-4C41-ADD0-BA83A0E593DA} = {4C4AA37C-19D9-4C41-ADD0-BA83A0E593DA}
	EndProjectSection
EndProject
Project("{5DD5E4FA-CB73-4610-85AB-557B54E96AA9}") = "Nuget.nanoFramework.Runtime.Native.DELIVERABLES", "Nuget.nanoFramework.Runtime.Native.DELIVERABLES\Nuget.nanoFramework.Runtime.Native.DELIVERABLES.nuproj", "{46762344-3188-4861-9F37-3B15EDDD8A82}"
	ProjectSection(ProjectDependencies) = postProject
		{4C4AA37C-19D9-4C41-ADD0-BA83A0E593DA} = {4C4AA37C-19D9-4C41-ADD0-BA83A0E593DA}
	EndProjectSection
EndProject
Project("{2150E333-8FDC-42A3-9474-1A3956D46DE8}") = ".nuget", ".nuget", "{8A7B7CC7-B82A-43B4-8C68-9AB63AA5288D}"
	ProjectSection(SolutionItems) = preProject
		packages.config = packages.config
	EndProjectSection
EndProject
Global
	GlobalSection(SolutionConfigurationPlatforms) = preSolution
		Debug|Any CPU = Debug|Any CPU
		Release|Any CPU = Release|Any CPU
	EndGlobalSection
	GlobalSection(ProjectConfigurationPlatforms) = postSolution
		{4C4AA37C-19D9-4C41-ADD0-BA83A0E593DA}.Debug|Any CPU.ActiveCfg = Debug|Any CPU
		{4C4AA37C-19D9-4C41-ADD0-BA83A0E593DA}.Debug|Any CPU.Build.0 = Debug|Any CPU
		{4C4AA37C-19D9-4C41-ADD0-BA83A0E593DA}.Release|Any CPU.ActiveCfg = Release|Any CPU
		{4C4AA37C-19D9-4C41-ADD0-BA83A0E593DA}.Release|Any CPU.Build.0 = Release|Any CPU
		{C72CBABD-265A-4B4F-8029-F53B11F009E5}.Debug|Any CPU.ActiveCfg = Debug|Any CPU
		{C72CBABD-265A-4B4F-8029-F53B11F009E5}.Debug|Any CPU.Build.0 = Debug|Any CPU
		{C72CBABD-265A-4B4F-8029-F53B11F009E5}.Release|Any CPU.ActiveCfg = Release|Any CPU
		{C72CBABD-265A-4B4F-8029-F53B11F009E5}.Release|Any CPU.Build.0 = Release|Any CPU
		{46762344-3188-4861-9F37-3B15EDDD8A82}.Debug|Any CPU.ActiveCfg = Debug|Any CPU
		{46762344-3188-4861-9F37-3B15EDDD8A82}.Debug|Any CPU.Build.0 = Debug|Any CPU
		{46762344-3188-4861-9F37-3B15EDDD8A82}.Release|Any CPU.ActiveCfg = Release|Any CPU
		{46762344-3188-4861-9F37-3B15EDDD8A82}.Release|Any CPU.Build.0 = Release|Any CPU
	EndGlobalSection
	GlobalSection(SolutionProperties) = preSolution
		HideSolutionNode = FALSE
	EndGlobalSection
EndGlobal
