{
  "version": 1,
  "dependencies": {
    ".NETnanoFramework,Version=v1.0": {
      "Microsoft.Build.Tasks.Git": {
        "type": "Direct",
        "requested": "[1.1.1, 1.1.1]",
        "resolved": "1.1.1",
        "contentHash": "AT3HlgTjsqHnWpBHSNeR0KxbLZD7bztlZVj7I8vgeYG9SYqbeFGh0TM/KVtC6fg53nrWHl3VfZFvb5BiQFcY6Q=="
      },
      "Microsoft.SourceLink.Common": {
        "type": "Direct",
        "requested": "[1.1.1, 1.1.1]",
        "resolved": "1.1.1",
        "contentHash": "WMcGpWKrmJmzrNeuaEb23bEMnbtR/vLmvZtkAP5qWu7vQsY59GqfRJd65sFpBszbd2k/bQ8cs8eWawQKAabkVg=="
      },
      "Microsoft.SourceLink.GitHub": {
        "type": "Direct",
        "requested": "[1.1.1, 1.1.1]",
        "resolved": "1.1.1",
        "contentHash": "IaJGnOv/M7UQjRJks7B6p7pbPnOwisYGOIzqCz5ilGFTApZ3ktOR+6zJ12ZRPInulBmdAf1SrGdDG2MU8g6XTw=="
      },
      "Nerdbank.GitVersioning": {
        "type": "Direct",
        "requested": "[3.5.113, 3.5.113]",
        "resolved": "3.5.113",
        "contentHash": "4fBSMkqhi410qlkjPm+Mxfk8iO3C7dmgdVS7ljsfVO21WEzZCHP1VCOqB6rlOPfPidR/oxX+/Do/I7meCAz+Jg=="
      }
    }
  }
}