{
  "version": 1,
  "dependencies": {
    ".NETnanoFramework,Version=v1.0": {
      "Nerdbank.GitVersioning": {
        "type": "Direct",
        "requested": "[3.7.115, )",
        "resolved": "3.7.115",
        "contentHash": "EpXamaAdRfG/BMxGgvZlTM0npRnkmXUjAj8OdNKd17t4oN+2nvjdv/KnFmzOOMDqvlwB49UCwtOHJrAQTfUBtQ=="
      }
    }
  }
}