
Microsoft Visual Studio Solution File, Format Version 12.00
# Visual Studio 14
VisualStudioVersion = 14.0.25420.1
MinimumVisualStudioVersion = 10.0.40219.1
Project("{FAE04EC0-301F-11D3-BF4B-00C04F79EFBC}") = "Windows.Devices.Gpio", "Windows.Devices.Gpio.csproj", "{D160797C-52FF-4136-93E1-DA1106B8AE4A}"
EndProject
Project("{FF286327-C783-4F7A-AB73-9BCBAD0D4460}") = "Nuget.Windows.Devices.Gpio", "Nuget.Windows.Devices.Gpio\Nuget.Windows.Devices.Gpio.nuproj", "{96EABA11-6A33-454D-A7B2-B96CA5617E8C}"
EndProject
Project("{FF286327-C783-4F7A-AB73-9BCBAD0D4460}") = "Nuget.Windows.Devices.Gpio.DELIVERABLES", "Nuget.Windows.Devices.Gpio.DELIVERABLES\Nuget.Windows.Devices.Gpio.DELIVERABLES.nuproj", "{8FD36AD6-387C-48F0-A695-52D9149216FB}"
EndProject
Global
	GlobalSection(SolutionConfigurationPlatforms) = preSolution
		Debug|Any CPU = Debug|Any CPU
		Release|Any CPU = Release|Any CPU
	EndGlobalSection
	GlobalSection(ProjectConfigurationPlatforms) = postSolution
		{D160797C-52FF-4136-93E1-DA1106B8AE4A}.Debug|Any CPU.ActiveCfg = Debug|Any CPU
		{D160797C-52FF-4136-93E1-DA1106B8AE4A}.Debug|Any CPU.Build.0 = Debug|Any CPU
		{D160797C-52FF-4136-93E1-DA1106B8AE4A}.Release|Any CPU.ActiveCfg = Release|Any CPU
		{D160797C-52FF-4136-93E1-DA1106B8AE4A}.Release|Any CPU.Build.0 = Release|Any CPU
		{96EABA11-6A33-454D-A7B2-B96CA5617E8C}.Debug|Any CPU.ActiveCfg = Debug|Any CPU
		{96EABA11-6A33-454D-A7B2-B96CA5617E8C}.Debug|Any CPU.Build.0 = Debug|Any CPU
		{96EABA11-6A33-454D-A7B2-B96CA5617E8C}.Release|Any CPU.ActiveCfg = Release|Any CPU
		{96EABA11-6A33-454D-A7B2-B96CA5617E8C}.Release|Any CPU.Build.0 = Release|Any CPU
		{8FD36AD6-387C-48F0-A695-52D9149216FB}.Debug|Any CPU.ActiveCfg = Debug|Any CPU
		{8FD36AD6-387C-48F0-A695-52D9149216FB}.Debug|Any CPU.Build.0 = Debug|Any CPU
		{8FD36AD6-387C-48F0-A695-52D9149216FB}.Release|Any CPU.ActiveCfg = Release|Any CPU
		{8FD36AD6-387C-48F0-A695-52D9149216FB}.Release|Any CPU.Build.0 = Release|Any CPU
	EndGlobalSection
	GlobalSection(SolutionProperties) = preSolution
		HideSolutionNode = FALSE
	EndGlobalSection
EndGlobal
