
Microsoft Visual Studio Solution File, Format Version 12.00
# Visual Studio 15
VisualStudioVersion = 15.0.26730.12
MinimumVisualStudioVersion = 10.0.40219.1
Project("{11A8DD76-328B-46DF-9F39-F559912D0360}") = "Windows.Devices.I2c", "Windows.Devices.I2c.nfproj", "{D74A7890-8A23-417B-AB74-923D57E987EA}"
EndProject
Project("{FF286327-C783-4F7A-AB73-9BCBAD0D4460}") = "Nuget.Windows.Devices.I2c", "Nuget.Windows.Devices.I2c\Nuget.Windows.Devices.I2c.nuproj", "{2EF0D93F-A7BC-4EF8-97D7-6FAAA91B3A13}"
EndProject
Project("{FF286327-C783-4F7A-AB73-9BCBAD0D4460}") = "Nuget.Windows.Devices.I2c.DELIVERABLES", "Nuget.Windows.Devices.I2c.Deliverables\Nuget.Windows.Devices.I2c.DELIVERABLES.nuproj", "{4AB2EACE-321A-4272-90E6-9F58FD53675E}"
EndProject
Global
	GlobalSection(SolutionConfigurationPlatforms) = preSolution
		Debug|Any CPU = Debug|Any CPU
		Release|Any CPU = Release|Any CPU
	EndGlobalSection
	GlobalSection(ProjectConfigurationPlatforms) = postSolution
		{D74A7890-8A23-417B-AB74-923D57E987EA}.Debug|Any CPU.ActiveCfg = Debug|Any CPU
		{D74A7890-8A23-417B-AB74-923D57E987EA}.Debug|Any CPU.Build.0 = Debug|Any CPU
		{D74A7890-8A23-417B-AB74-923D57E987EA}.Release|Any CPU.ActiveCfg = Release|Any CPU
		{D74A7890-8A23-417B-AB74-923D57E987EA}.Release|Any CPU.Build.0 = Release|Any CPU
		{2EF0D93F-A7BC-4EF8-97D7-6FAAA91B3A13}.Debug|Any CPU.ActiveCfg = Debug|Any CPU
		{2EF0D93F-A7BC-4EF8-97D7-6FAAA91B3A13}.Debug|Any CPU.Build.0 = Debug|Any CPU
		{2EF0D93F-A7BC-4EF8-97D7-6FAAA91B3A13}.Release|Any CPU.ActiveCfg = Release|Any CPU
		{2EF0D93F-A7BC-4EF8-97D7-6FAAA91B3A13}.Release|Any CPU.Build.0 = Release|Any CPU
		{4AB2EACE-321A-4272-90E6-9F58FD53675E}.Debug|Any CPU.ActiveCfg = Debug|Any CPU
		{4AB2EACE-321A-4272-90E6-9F58FD53675E}.Debug|Any CPU.Build.0 = Debug|Any CPU
		{4AB2EACE-321A-4272-90E6-9F58FD53675E}.Release|Any CPU.ActiveCfg = Release|Any CPU
		{4AB2EACE-321A-4272-90E6-9F58FD53675E}.Release|Any CPU.Build.0 = Release|Any CPU
	EndGlobalSection
	GlobalSection(SolutionProperties) = preSolution
		HideSolutionNode = FALSE
	EndGlobalSection
	GlobalSection(ExtensibilityGlobals) = postSolution
		SolutionGuid = {C8231C9F-4CB4-4EA4-9760-0BB50E83EEC4}
	EndGlobalSection
EndGlobal
