{
  "version": 1,
  "dependencies": {
    ".NETnanoFramework,Version=v1.0": {
      "Microsoft.Build.Tasks.Git": {
        "type": "Direct",
        "requested": "[10.0.300, 10.0.300]",
        "resolved": "10.0.300",
        "contentHash": "P0kaQwVZx4xIUe2FtrLyBadYNXuAljttJUPvjBYRuHhPE8L77L42KakLDkaADRiUrGspoLcMwayjrbQhYTr0zA=="
      },
      "Microsoft.SourceLink.Common": {
        "type": "Direct",
        "requested": "[10.0.300, 10.0.300]",
        "resolved": "10.0.300",
        "contentHash": "0jlkXaUGjYlWTIVPve5MftjKHnT3SlAtq9BCLV4J9IjdPrxV/+4rMlBSjfr1khG8/GC6KGojjola8E1VvWF0qQ=="
      },
      "Microsoft.SourceLink.GitHub": {
        "type": "Direct",
        "requested": "[10.0.300, 10.0.300]",
        "resolved": "10.0.300",
        "contentHash": "QzCtLkXVb3l4IxcpvJCbzUwMLihAmLN6vVLjQGSzYSF8d2dvXxqJAZk83RV3gYnp2egz8jRMgSR2woY3vOahTA=="
      },
      "Nerdbank.GitVersioning": {
        "type": "Direct",
        "requested": "[3.10.85, 3.10.85]",
        "resolved": "3.10.85",
        "contentHash": "smhqiTAbnI/6NRn+k7m+a65qKY7nREbnFqFgqxiw3JS8kXiBUOxdCxIZFP9TOpCsoh46DbMlBlcd+dWQYAVVCA=="
      }
    }
  }
}